
Microsoft Visual Studio Solution File, Format Version 12.00
# Visual Studio Version 16
VisualStudioVersion = 16.0.29609.76
MinimumVisualStudioVersion = 10.0.40219.1
Project("{FAE04EC0-301F-11D3-BF4B-00C04F79EFBC}") = "Arcturus.Core", "Arcturus.Core\Arcturus.Core.csproj", "{005AACCB-6679-4052-800B-49EA36DFD2A3}"
EndProject
Project("{FAE04EC0-301F-11D3-BF4B-00C04F79EFBC}") = "Arcturus.Wpf", "Arcturus.Wpf\Arcturus.Wpf.csproj", "{F4CFE263-61F4-4698-8345-BDFE7B5AC164}"
EndProject
Project("{FAE04EC0-301F-11D3-BF4B-00C04F79EFBC}") = "Arcturus.ConsoleExtensions", "Arcturus.ConsoleExtensions\Arcturus.ConsoleExtensions.csproj", "{1DF8ED03-2517-440D-BC09-5224DD98B203}"
EndProject
Project("{FAE04EC0-301F-11D3-BF4B-00C04F79EFBC}") = "Arcturus.Logging", "Arcturus.Logging\Arcturus.Logging.csproj", "{5FB77E7A-266C-41ED-969F-30D94DB289C3}"
EndProject
Global
	GlobalSection(SolutionConfigurationPlatforms) = preSolution
		Debug|Any CPU = Debug|Any CPU
		Release|Any CPU = Release|Any CPU
	EndGlobalSection
	GlobalSection(ProjectConfigurationPlatforms) = postSolution
		{005AACCB-6679-4052-800B-49EA36DFD2A3}.Debug|Any CPU.ActiveCfg = Debug|Any CPU
		{005AACCB-6679-4052-800B-49EA36DFD2A3}.Debug|Any CPU.Build.0 = Debug|Any CPU
		{005AACCB-6679-4052-800B-49EA36DFD2A3}.Release|Any CPU.ActiveCfg = Release|Any CPU
		{005AACCB-6679-4052-800B-49EA36DFD2A3}.Release|Any CPU.Build.0 = Release|Any CPU
		{F4CFE263-61F4-4698-8345-BDFE7B5AC164}.Debug|Any CPU.ActiveCfg = Debug|Any CPU
		{F4CFE263-61F4-4698-8345-BDFE7B5AC164}.Debug|Any CPU.Build.0 = Debug|Any CPU
		{F4CFE263-61F4-4698-8345-BDFE7B5AC164}.Release|Any CPU.ActiveCfg = Release|Any CPU
		{F4CFE263-61F4-4698-8345-BDFE7B5AC164}.Release|Any CPU.Build.0 = Release|Any CPU
		{1DF8ED03-2517-440D-BC09-5224DD98B203}.Debug|Any CPU.ActiveCfg = Debug|Any CPU
		{1DF8ED03-2517-440D-BC09-5224DD98B203}.Debug|Any CPU.Build.0 = Debug|Any CPU
		{1DF8ED03-2517-440D-BC09-5224DD98B203}.Release|Any CPU.ActiveCfg = Release|Any CPU
		{1DF8ED03-2517-440D-BC09-5224DD98B203}.Release|Any CPU.Build.0 = Release|Any CPU
		{5FB77E7A-266C-41ED-969F-30D94DB289C3}.Debug|Any CPU.ActiveCfg = Debug|Any CPU
		{5FB77E7A-266C-41ED-969F-30D94DB289C3}.Debug|Any CPU.Build.0 = Debug|Any CPU
		{5FB77E7A-266C-41ED-969F-30D94DB289C3}.Release|Any CPU.ActiveCfg = Release|Any CPU
		{5FB77E7A-266C-41ED-969F-30D94DB289C3}.Release|Any CPU.Build.0 = Release|Any CPU
	EndGlobalSection
	GlobalSection(SolutionProperties) = preSolution
		HideSolutionNode = FALSE
	EndGlobalSection
	GlobalSection(ExtensibilityGlobals) = postSolution
		SolutionGuid = {204B17E4-10F7-4FC6-B00F-770729593754}
	EndGlobalSection
EndGlobal
